
Microsoft Visual Studio Solution File, Format Version 12.00
# Visual Studio Version 17
VisualStudioVersion = 17.11.35431.28
MinimumVisualStudioVersion = 10.0.40219.1
Project("{FAE04EC0-301F-11D3-BF4B-00C04F79EFBC}") = "homework11", "homework10\homework11.csproj", "{E0BDF5BC-227C-4FC9-ADAB-F3A10C5C10A2}"
EndProject
Project("{FAE04EC0-301F-11D3-BF4B-00C04F79EFBC}") = "Tumakov11", "Tumakov11\Tumakov11.csproj", "{04D76B67-18E0-4116-8774-919D1746478C}"
EndProject
Project("{FAE04EC0-301F-11D3-BF4B-00C04F79EFBC}") = "Tumakov12", "Tumakov12\Tumakov12.csproj", "{4A3618A8-5702-4BE0-A489-A158181BBF02}"
EndProject
Global
	GlobalSection(SolutionConfigurationPlatforms) = preSolution
		Debug|Any CPU = Debug|Any CPU
		Release|Any CPU = Release|Any CPU
	EndGlobalSection
	GlobalSection(ProjectConfigurationPlatforms) = postSolution
		{E0BDF5BC-227C-4FC9-ADAB-F3A10C5C10A2}.Debug|Any CPU.ActiveCfg = Debug|Any CPU
		{E0BDF5BC-227C-4FC9-ADAB-F3A10C5C10A2}.Debug|Any CPU.Build.0 = Debug|Any CPU
		{E0BDF5BC-227C-4FC9-ADAB-F3A10C5C10A2}.Release|Any CPU.ActiveCfg = Release|Any CPU
		{E0BDF5BC-227C-4FC9-ADAB-F3A10C5C10A2}.Release|Any CPU.Build.0 = Release|Any CPU
		{04D76B67-18E0-4116-8774-919D1746478C}.Debug|Any CPU.ActiveCfg = Debug|Any CPU
		{04D76B67-18E0-4116-8774-919D1746478C}.Debug|Any CPU.Build.0 = Debug|Any CPU
		{04D76B67-18E0-4116-8774-919D1746478C}.Release|Any CPU.ActiveCfg = Release|Any CPU
		{04D76B67-18E0-4116-8774-919D1746478C}.Release|Any CPU.Build.0 = Release|Any CPU
		{4A3618A8-5702-4BE0-A489-A158181BBF02}.Debug|Any CPU.ActiveCfg = Debug|Any CPU
		{4A3618A8-5702-4BE0-A489-A158181BBF02}.Debug|Any CPU.Build.0 = Debug|Any CPU
		{4A3618A8-5702-4BE0-A489-A158181BBF02}.Release|Any CPU.ActiveCfg = Release|Any CPU
		{4A3618A8-5702-4BE0-A489-A158181BBF02}.Release|Any CPU.Build.0 = Release|Any CPU
	EndGlobalSection
	GlobalSection(SolutionProperties) = preSolution
		HideSolutionNode = FALSE
	EndGlobalSection
	GlobalSection(ExtensibilityGlobals) = postSolution
		SolutionGuid = {9E9CD42F-2492-405A-AF57-AE98513955CC}
	EndGlobalSection
EndGlobal
